// !$*UTF8*$!
{
	archiveVersion = 1;
	classes = {
	};
	objectVersion = 50;
	objects = {

/* Begin PBXBuildFile section */
		1811794423EF2DD400D1F01B /* AppDelegate.swift in Sources */ = {isa = PBXBuildFile; fileRef = 1811794323EF2DD400D1F01B /* AppDelegate.swift */; };
		1811794623EF2DD400D1F01B /* SceneDelegate.swift in Sources */ = {isa = PBXBuildFile; fileRef = 1811794523EF2DD400D1F01B /* SceneDelegate.swift */; };
		1811794823EF2DD400D1F01B /* ViewController.swift in Sources */ = {isa = PBXBuildFile; fileRef = 1811794723EF2DD400D1F01B /* ViewController.swift */; };
		1811794B23EF2DD400D1F01B /* Main.storyboard in Resources */ = {isa = PBXBuildFile; fileRef = 1811794923EF2DD400D1F01B /* Main.storyboard */; };
		1811794D23EF2DD500D1F01B /* Assets.xcassets in Resources */ = {isa = PBXBuildFile; fileRef = 1811794C23EF2DD500D1F01B /* Assets.xcassets */; };
		1811795023EF2DD500D1F01B /* LaunchScreen.storyboard in Resources */ = {isa = PBXBuildFile; fileRef = 1811794E23EF2DD500D1F01B /* LaunchScreen.storyboard */; };
		1811795B23EF2DD500D1F01B /* AccelerometerTests.swift in Sources */ = {isa = PBXBuildFile; fileRef = 1811795A23EF2DD500D1F01B /* AccelerometerTests.swift */; };
		1811796623EF2DD500D1F01B /* AccelerometerUITests.swift in Sources */ = {isa = PBXBuildFile; fileRef = 1811796523EF2DD500D1F01B /* AccelerometerUITests.swift */; };
/* End PBXBuildFile section */

/* Begin PBXContainerItemProxy section */
		1811795723EF2DD500D1F01B /* PBXContainerItemProxy */ = {
			isa = PBXContainerItemProxy;
			containerPortal = 1811793823EF2DD400D1F01B /* Project object */;
			proxyType = 1;
			remoteGlobalIDString = 1811793F23EF2DD400D1F01B;
			remoteInfo = Accelerometer;
		};
		1811796223EF2DD500D1F01B /* PBXContainerItemProxy */ = {
			isa = PBXContainerItemProxy;
			containerPortal = 1811793823EF2DD400D1F01B /* Project object */;
			proxyType = 1;
			remoteGlobalIDString = 1811793F23EF2DD400D1F01B;
			remoteInfo = Accelerometer;
		};
/* End PBXContainerItemProxy section */

/* Begin PBXFileReference section */
		1811794023EF2DD400D1F01B /* Accelerometer.app */ = {isa = PBXFileReference; explicitFileType = wrapper.application; includeInIndex = 0; path = Accelerometer.app; sourceTree = BUILT_PRODUCTS_DIR; };
		1811794323EF2DD400D1F01B /* AppDelegate.swift */ = {isa = PBXFileReference; lastKnownFileType = sourcecode.swift; path = AppDelegate.swift; sourceTree = "<group>"; };
		1811794523EF2DD400D1F01B /* SceneDelegate.swift */ = {isa = PBXFileReference; lastKnownFileType = sourcecode.swift; path = SceneDelegate.swift; sourceTree = "<group>"; };
		1811794723EF2DD400D1F01B /* ViewController.swift */ = {isa = PBXFileReference; lastKnownFileType = sourcecode.swift; path = ViewController.swift; sourceTree = "<group>"; };
		1811794A23EF2DD400D1F01B /* Base */ = {isa = PBXFileReference; lastKnownFileType = file.storyboard; name = Base; path = Base.lproj/Main.storyboard; sourceTree = "<group>"; };
		1811794C23EF2DD500D1F01B /* Assets.xcassets */ = {isa = PBXFileReference; lastKnownFileType = folder.assetcatalog; path = Assets.xcassets; sourceTree = "<group>"; };
		1811794F23EF2DD500D1F01B /* Base */ = {isa = PBXFileReference; lastKnownFileType = file.storyboard; name = Base; path = Base.lproj/LaunchScreen.storyboard; sourceTree = "<group>"; };
		1811795123EF2DD500D1F01B /* Info.plist */ = {isa = PBXFileReference; lastKnownFileType = text.plist.xml; path = Info.plist; sourceTree = "<group>"; };
		1811795623EF2DD500D1F01B /* AccelerometerTests.xctest */ = {isa = PBXFileReference; explicitFileType = wrapper.cfbundle; includeInIndex = 0; path = AccelerometerTests.xctest; sourceTree = BUILT_PRODUCTS_DIR; };
		1811795A23EF2DD500D1F01B /* AccelerometerTests.swift */ = {isa = PBXFileReference; lastKnownFileType = sourcecode.swift; path = AccelerometerTests.swift; sourceTree = "<group>"; };
		1811795C23EF2DD500D1F01B /* Info.plist */ = {isa = PBXFileReference; lastKnownFileType = text.plist.xml; path = Info.plist; sourceTree = "<group>"; };
		1811796123EF2DD500D1F01B /* AccelerometerUITests.xctest */ = {isa = PBXFileReference; explicitFileType = wrapper.cfbundle; includeInIndex = 0; path = AccelerometerUITests.xctest; sourceTree = BUILT_PRODUCTS_DIR; };
		1811796523EF2DD500D1F01B /* AccelerometerUITests.swift */ = {isa = PBXFileReference; lastKnownFileType = sourcecode.swift; path = AccelerometerUITests.swift; sourceTree = "<group>"; };
		1811796723EF2DD500D1F01B /* Info.plist */ = {isa = PBXFileReference; lastKnownFileType = text.plist.xml; path = Info.plist; sourceTree = "<group>"; };
/* End PBXFileReference section */

/* Begin PBXFrameworksBuildPhase section */
		1811793D23EF2DD400D1F01B /* Frameworks */ = {
			isa = PBXFrameworksBuildPhase;
			buildActionMask = 2147483647;
			files = (
			);
			runOnlyForDeploymentPostprocessing = 0;
		};
		1811795323EF2DD500D1F01B /* Frameworks */ = {
			isa = PBXFrameworksBuildPhase;
			buildActionMask = 2147483647;
			files = (
			);
			runOnlyForDeploymentPostprocessing = 0;
		};
		1811795E23EF2DD500D1F01B /* Frameworks */ = {
			isa = PBXFrameworksBuildPhase;
			buildActionMask = 2147483647;
			files = (
			);
			runOnlyForDeploymentPostprocessing = 0;
		};
/* End PBXFrameworksBuildPhase section */

/* Begin PBXGroup section */
		1811793723EF2DD400D1F01B = {
			isa = PBXGroup;
			children = (
				1811794223EF2DD400D1F01B /* Accelerometer */,
				1811795923EF2DD500D1F01B /* AccelerometerTests */,
				1811796423EF2DD500D1F01B /* AccelerometerUITests */,
				1811794123EF2DD400D1F01B /* Products */,
			);
			sourceTree = "<group>";
		};
		1811794123EF2DD400D1F01B /* Products */ = {
			isa = PBXGroup;
			children = (
				1811794023EF2DD400D1F01B /* Accelerometer.app */,
				1811795623EF2DD500D1F01B /* AccelerometerTests.xctest */,
				1811796123EF2DD500D1F01B /* AccelerometerUITests.xctest */,
			);
			name = Products;
			sourceTree = "<group>";
		};
		1811794223EF2DD400D1F01B /* Accelerometer */ = {
			isa = PBXGroup;
			children = (
				1811794323EF2DD400D1F01B /* AppDelegate.swift */,
				1811794523EF2DD400D1F01B /* SceneDelegate.swift */,
				1811794723EF2DD400D1F01B /* ViewController.swift */,
				1811794923EF2DD400D1F01B /* Main.storyboard */,
				1811794C23EF2DD500D1F01B /* Assets.xcassets */,
				1811794E23EF2DD500D1F01B /* LaunchScreen.storyboard */,
				1811795123EF2DD500D1F01B /* Info.plist */,
			);
			path = Accelerometer;
			sourceTree = "<group>";
		};
		1811795923EF2DD500D1F01B /* AccelerometerTests */ = {
			isa = PBXGroup;
			children = (
				1811795A23EF2DD500D1F01B /* AccelerometerTests.swift */,
				1811795C23EF2DD500D1F01B /* Info.plist */,
			);
			path = AccelerometerTests;
			sourceTree = "<group>";
		};
		1811796423EF2DD500D1F01B /* AccelerometerUITests */ = {
			isa = PBXGroup;
			children = (
				1811796523EF2DD500D1F01B /* AccelerometerUITests.swift */,
				1811796723EF2DD500D1F01B /* Info.plist */,
			);
			path = AccelerometerUITests;
			sourceTree = "<group>";
		};
/* End PBXGroup section */

/* Begin PBXNativeTarget section */
		1811793F23EF2DD400D1F01B /* Accelerometer */ = {
			isa = PBXNativeTarget;
			buildConfigurationList = 1811796A23EF2DD500D1F01B /* Build configuration list for PBXNativeTarget "Accelerometer" */;
			buildPhases = (
				1811793C23EF2DD400D1F01B /* Sources */,
				1811793D23EF2DD400D1F01B /* Frameworks */,
				1811793E23EF2DD400D1F01B /* Resources */,
			);
			buildRules = (
			);
			dependencies = (
			);
			name = Accelerometer;
			productName = Accelerometer;
			productReference = 1811794023EF2DD400D1F01B /* Accelerometer.app */;
			productType = "com.apple.product-type.application";
		};
		1811795523EF2DD500D1F01B /* AccelerometerTests */ = {
			isa = PBXNativeTarget;
			buildConfigurationList = 1811796D23EF2DD500D1F01B /* Build configuration list for PBXNativeTarget "AccelerometerTests" */;
			buildPhases = (
				1811795223EF2DD500D1F01B /* Sources */,
				1811795323EF2DD500D1F01B /* Frameworks */,
				1811795423EF2DD500D1F01B /* Resources */,
			);
			buildRules = (
			);
			dependencies = (
				1811795823EF2DD500D1F01B /* PBXTargetDependency */,
			);
			name = AccelerometerTests;
			productName = AccelerometerTests;
			productReference = 1811795623EF2DD500D1F01B /* AccelerometerTests.xctest */;
			productType = "com.apple.product-type.bundle.unit-test";
		};
		1811796023EF2DD500D1F01B /* AccelerometerUITests */ = {
			isa = PBXNativeTarget;
			buildConfigurationList = 1811797023EF2DD500D1F01B /* Build configuration list for PBXNativeTarget "AccelerometerUITests" */;
			buildPhases = (
				1811795D23EF2DD500D1F01B /* Sources */,
				1811795E23EF2DD500D1F01B /* Frameworks */,
				1811795F23EF2DD500D1F01B /* Resources */,
			);
			buildRules = (
			);
			dependencies = (
				1811796323EF2DD500D1F01B /* PBXTargetDependency */,
			);
			name = AccelerometerUITests;
			productName = AccelerometerUITests;
			productReference = 1811796123EF2DD500D1F01B /* AccelerometerUITests.xctest */;
			productType = "com.apple.product-type.bundle.ui-testing";
		};
/* End PBXNativeTarget section */

/* Begin PBXProject section */
		1811793823EF2DD400D1F01B /* Project object */ = {
			isa = PBXProject;
			attributes = {
				LastSwiftUpdateCheck = 1130;
				LastUpgradeCheck = 1130;
				ORGANIZATIONNAME = konatsup;
				TargetAttributes = {
					1811793F23EF2DD400D1F01B = {
						CreatedOnToolsVersion = 11.3.1;
					};
					1811795523EF2DD500D1F01B = {
						CreatedOnToolsVersion = 11.3.1;
						TestTargetID = 1811793F23EF2DD400D1F01B;
					};
					1811796023EF2DD500D1F01B = {
						CreatedOnToolsVersion = 11.3.1;
						TestTargetID = 1811793F23EF2DD400D1F01B;
					};
				};
			};
			buildConfigurationList = 1811793B23EF2DD400D1F01B /* Build configuration list for PBXProject "Accelerometer" */;
			compatibilityVersion = "Xcode 9.3";
			developmentRegion = en;
			hasScannedForEncodings = 0;
			knownRegions = (
				en,
				Base,
			);
			mainGroup = 1811793723EF2DD400D1F01B;
			productRefGroup = 1811794123EF2DD400D1F01B /* Products */;
			projectDirPath = "";
			projectRoot = "";
			targets = (
				1811793F23EF2DD400D1F01B /* Accelerometer */,
				1811795523EF2DD500D1F01B /* AccelerometerTests */,
				1811796023EF2DD500D1F01B /* AccelerometerUITests */,
			);
		};
/* End PBXProject section */

/* Begin PBXResourcesBuildPhase section */
		1811793E23EF2DD400D1F01B /* Resources */ = {
			isa = PBXResourcesBuildPhase;
			buildActionMask = 2147483647;
			files = (
				1811795023EF2DD500D1F01B /* LaunchScreen.storyboard in Resources */,
				1811794D23EF2DD500D1F01B /* Assets.xcassets in Resources */,
				1811794B23EF2DD400D1F01B /* Main.storyboard in Resources */,
			);
			runOnlyForDeploymentPostprocessing = 0;
		};
		1811795423EF2DD500D1F01B /* Resources */ = {
			isa = PBXResourcesBuildPhase;
			buildActionMask = 2147483647;
			files = (
			);
			runOnlyForDeploymentPostprocessing = 0;
		};
		1811795F23EF2DD500D1F01B /* Resources */ = {
			isa = PBXResourcesBuildPhase;
			buildActionMask = 2147483647;
			files = (
			);
			runOnlyForDeploymentPostprocessing = 0;
		};
/* End PBXResourcesBuildPhase section */

/* Begin PBXSourcesBuildPhase section */
		1811793C23EF2DD400D1F01B /* Sources */ = {
			isa = PBXSourcesBuildPhase;
			buildActionMask = 2147483647;
			files = (
				1811794823EF2DD400D1F01B /* ViewController.swift in Sources */,
				1811794423EF2DD400D1F01B /* AppDelegate.swift in Sources */,
				1811794623EF2DD400D1F01B /* SceneDelegate.swift in Sources */,
			);
			runOnlyForDeploymentPostprocessing = 0;
		};
		1811795223EF2DD500D1F01B /* Sources */ = {
			isa = PBXSourcesBuildPhase;
			buildActionMask = 2147483647;
			files = (
				1811795B23EF2DD500D1F01B /* AccelerometerTests.swift in Sources */,
			);
			runOnlyForDeploymentPostprocessing = 0;
		};
		1811795D23EF2DD500D1F01B /* Sources */ = {
			isa = PBXSourcesBuildPhase;
			buildActionMask = 2147483647;
			files = (
				1811796623EF2DD500D1F01B /* AccelerometerUITests.swift in Sources */,
			);
			runOnlyForDeploymentPostprocessing = 0;
		};
/* End PBXSourcesBuildPhase section */

/* Begin PBXTargetDependency section */
		1811795823EF2DD500D1F01B /* PBXTargetDependency */ = {
			isa = PBXTargetDependency;
			target = 1811793F23EF2DD400D1F01B /* Accelerometer */;
			targetProxy = 1811795723EF2DD500D1F01B /* PBXContainerItemProxy */;
		};
		1811796323EF2DD500D1F01B /* PBXTargetDependency */ = {
			isa = PBXTargetDependency;
			target = 1811793F23EF2DD400D1F01B /* Accelerometer */;
			targetProxy = 1811796223EF2DD500D1F01B /* PBXContainerItemProxy */;
		};
/* End PBXTargetDependency section */

/* Begin PBXVariantGroup section */
		1811794923EF2DD400D1F01B /* Main.storyboard */ = {
			isa = PBXVariantGroup;
			children = (
				1811794A23EF2DD400D1F01B /* Base */,
			);
			name = Main.storyboard;
			sourceTree = "<group>";
		};
		1811794E23EF2DD500D1F01B /* LaunchScreen.storyboard */ = {
			isa = PBXVariantGroup;
			children = (
				1811794F23EF2DD500D1F01B /* Base */,
			);
			name = LaunchScreen.storyboard;
			sourceTree = "<group>";
		};
/* End PBXVariantGroup section */

/* Begin XCBuildConfiguration section */
		1811796823EF2DD500D1F01B /* Debug */ = {
			isa = XCBuildConfiguration;
			buildSettings = {
				ALWAYS_SEARCH_USER_PATHS = NO;
				CLANG_ANALYZER_NONNULL = YES;
				CLANG_ANALYZER_NUMBER_OBJECT_CONVERSION = YES_AGGRESSIVE;
				CLANG_CXX_LANGUAGE_STANDARD = "gnu++14";
				CLANG_CXX_LIBRARY = "libc++";
				CLANG_ENABLE_MODULES = YES;
				CLANG_ENABLE_OBJC_ARC = YES;
				CLANG_ENABLE_OBJC_WEAK = YES;
				CLANG_WARN_BLOCK_CAPTURE_AUTORELEASING = YES;
				CLANG_WARN_BOOL_CONVERSION = YES;
				CLANG_WARN_COMMA = YES;
				CLANG_WARN_CONSTANT_CONVERSION = YES;
				CLANG_WARN_DEPRECATED_OBJC_IMPLEMENTATIONS = YES;
				CLANG_WARN_DIRECT_OBJC_ISA_USAGE = YES_ERROR;
				CLANG_WARN_DOCUMENTATION_COMMENTS = YES;
				CLANG_WARN_EMPTY_BODY = YES;
				CLANG_WARN_ENUM_CONVERSION = YES;
				CLANG_WARN_INFINITE_RECURSION = YES;
				CLANG_WARN_INT_CONVERSION = YES;
				CLANG_WARN_NON_LITERAL_NULL_CONVERSION = YES;
				CLANG_WARN_OBJC_IMPLICIT_RETAIN_SELF = YES;
				CLANG_WARN_OBJC_LITERAL_CONVERSION = YES;
				CLANG_WARN_OBJC_ROOT_CLASS = YES_ERROR;
				CLANG_WARN_RANGE_LOOP_ANALYSIS = YES;
				CLANG_WARN_STRICT_PROTOTYPES = YES;
				CLANG_WARN_SUSPICIOUS_MOVE = YES;
				CLANG_WARN_UNGUARDED_AVAILABILITY = YES_AGGRESSIVE;
				CLANG_WARN_UNREACHABLE_CODE = YES;
				CLANG_WARN__DUPLICATE_METHOD_MATCH = YES;
				COPY_PHASE_STRIP = NO;
				DEBUG_INFORMATION_FORMAT = dwarf;
				ENABLE_STRICT_OBJC_MSGSEND = YES;
				ENABLE_TESTABILITY = YES;
				GCC_C_LANGUAGE_STANDARD = gnu11;
				GCC_DYNAMIC_NO_PIC = NO;
				GCC_NO_COMMON_BLOCKS = YES;
				GCC_OPTIMIZATION_LEVEL = 0;
				GCC_PREPROCESSOR_DEFINITIONS = (
					"DEBUG=1",
					"$(inherited)",
				);
				GCC_WARN_64_TO_32_BIT_CONVERSION = YES;
				GCC_WARN_ABOUT_RETURN_TYPE = YES_ERROR;
				GCC_WARN_UNDECLARED_SELECTOR = YES;
				GCC_WARN_UNINITIALIZED_AUTOS = YES_AGGRESSIVE;
				GCC_WARN_UNUSED_FUNCTION = YES;
				GCC_WARN_UNUSED_VARIABLE = YES;
				IPHONEOS_DEPLOYMENT_TARGET = 13.2;
				MTL_ENABLE_DEBUG_INFO = INCLUDE_SOURCE;
				MTL_FAST_MATH = YES;
				ONLY_ACTIVE_ARCH = YES;
				SDKROOT = iphoneos;
				SWIFT_ACTIVE_COMPILATION_CONDITIONS = DEBUG;
				SWIFT_OPTIMIZATION_LEVEL = "-Onone";
			};
			name = Debug;
		};
		1811796923EF2DD500D1F01B /* Release */ = {
			isa = XCBuildConfiguration;
			buildSettings = {
				ALWAYS_SEARCH_USER_PATHS = NO;
				CLANG_ANALYZER_NONNULL = YES;
				CLANG_ANALYZER_NUMBER_OBJECT_CONVERSION = YES_AGGRESSIVE;
				CLANG_CXX_LANGUAGE_STANDARD = "gnu++14";
				CLANG_CXX_LIBRARY = "libc++";
				CLANG_ENABLE_MODULES = YES;
				CLANG_ENABLE_OBJC_ARC = YES;
				CLANG_ENABLE_OBJC_WEAK = YES;
				CLANG_WARN_BLOCK_CAPTURE_AUTORELEASING = YES;
				CLANG_WARN_BOOL_CONVERSION = YES;
				CLANG_WARN_COMMA = YES;
				CLANG_WARN_CONSTANT_CONVERSION = YES;
				CLANG_WARN_DEPRECATED_OBJC_IMPLEMENTATIONS = YES;
				CLANG_WARN_DIRECT_OBJC_ISA_USAGE = YES_ERROR;
				CLANG_WARN_DOCUMENTATION_COMMENTS = YES;
				CLANG_WARN_EMPTY_BODY = YES;
				CLANG_WARN_ENUM_CONVERSION = YES;
				CLANG_WARN_INFINITE_RECURSION = YES;
				CLANG_WARN_INT_CONVERSION = YES;
				CLANG_WARN_NON_LITERAL_NULL_CONVERSION = YES;
				CLANG_WARN_OBJC_IMPLICIT_RETAIN_SELF = YES;
				CLANG_WARN_OBJC_LITERAL_CONVERSION = YES;
				CLANG_WARN_OBJC_ROOT_CLASS = YES_ERROR;
				CLANG_WARN_RANGE_LOOP_ANALYSIS = YES;
				CLANG_WARN_STRICT_PROTOTYPES = YES;
				CLANG_WARN_SUSPICIOUS_MOVE = YES;
				CLANG_WARN_UNGUARDED_AVAILABILITY = YES_AGGRESSIVE;
				CLANG_WARN_UNREACHABLE_CODE = YES;
				CLANG_WARN__DUPLICATE_METHOD_MATCH = YES;
				COPY_PHASE_STRIP = NO;
				DEBUG_INFORMATION_FORMAT = "dwarf-with-dsym";
				ENABLE_NS_ASSERTIONS = NO;
				ENABLE_STRICT_OBJC_MSGSEND = YES;
				GCC_C_LANGUAGE_STANDARD = gnu11;
				GCC_NO_COMMON_BLOCKS = YES;
				GCC_WARN_64_TO_32_BIT_CONVERSION = YES;
				GCC_WARN_ABOUT_RETURN_TYPE = YES_ERROR;
				GCC_WARN_UNDECLARED_SELECTOR = YES;
				GCC_WARN_UNINITIALIZED_AUTOS = YES_AGGRESSIVE;
				GCC_WARN_UNUSED_FUNCTION = YES;
				GCC_WARN_UNUSED_VARIABLE = YES;
				IPHONEOS_DEPLOYMENT_TARGET = 13.2;
				MTL_ENABLE_DEBUG_INFO = NO;
				MTL_FAST_MATH = YES;
				SDKROOT = iphoneos;
				SWIFT_COMPILATION_MODE = wholemodule;
				SWIFT_OPTIMIZATION_LEVEL = "-O";
				VALIDATE_PRODUCT = YES;
			};
			name = Release;
		};
		1811796B23EF2DD500D1F01B /* Debug */ = {
			isa = XCBuildConfiguration;
			buildSettings = {
				ASSETCATALOG_COMPILER_APPICON_NAME = AppIcon;
				CODE_SIGN_STYLE = Automatic;
				DEVELOPMENT_TEAM = H9A9L5MZZC;
				INFOPLIST_FILE = Accelerometer/Info.plist;
				LD_RUNPATH_SEARCH_PATHS = (
					"$(inherited)",
					"@executable_path/Frameworks",
				);
				PRODUCT_BUNDLE_IDENTIFIER = com.konatsup.Accelerometer;
				PRODUCT_NAME = "$(TARGET_NAME)";
				SWIFT_VERSION = 5.0;
				TARGETED_DEVICE_FAMILY = "1,2";
			};
			name = Debug;
		};
		1811796C23EF2DD500D1F01B /* Release */ = {
			isa = XCBuildConfiguration;
			buildSettings = {
				ASSETCATALOG_COMPILER_APPICON_NAME = AppIcon;
				CODE_SIGN_STYLE = Automatic;
				DEVELOPMENT_TEAM = H9A9L5MZZC;
				INFOPLIST_FILE = Accelerometer/Info.plist;
				LD_RUNPATH_SEARCH_PATHS = (
					"$(inherited)",
					"@executable_path/Frameworks",
				);
				PRODUCT_BUNDLE_IDENTIFIER = com.konatsup.Accelerometer;
				PRODUCT_NAME = "$(TARGET_NAME)";
				SWIFT_VERSION = 5.0;
				TARGETED_DEVICE_FAMILY = "1,2";
			};
			name = Release;
		};
		1811796E23EF2DD500D1F01B /* Debug */ = {
			isa = XCBuildConfiguration;
			buildSettings = {
				ALWAYS_EMBED_SWIFT_STANDARD_LIBRARIES = YES;
				BUNDLE_LOADER = "$(TEST_HOST)";
				CODE_SIGN_STYLE = Automatic;
				DEVELOPMENT_TEAM = H9A9L5MZZC;
				INFOPLIST_FILE = AccelerometerTests/Info.plist;
				IPHONEOS_DEPLOYMENT_TARGET = 13.2;
				LD_RUNPATH_SEARCH_PATHS = (
					"$(inherited)",
					"@executable_path/Frameworks",
					"@loader_path/Frameworks",
				);
				PRODUCT_BUNDLE_IDENTIFIER = com.konatsup.AccelerometerTests;
				PRODUCT_NAME = "$(TARGET_NAME)";
				SWIFT_VERSION = 5.0;
				TARGETED_DEVICE_FAMILY = "1,2";
				TEST_HOST = "$(BUILT_PRODUCTS_DIR)/Accelerometer.app/Accelerometer";
			};
			name = Debug;
		};
		1811796F23EF2DD500D1F01B /* Release */ = {
			isa = XCBuildConfiguration;
			buildSettings = {
				ALWAYS_EMBED_SWIFT_STANDARD_LIBRARIES = YES;
				BUNDLE_LOADER = "$(TEST_HOST)";
				CODE_SIGN_STYLE = Automatic;
				DEVELOPMENT_TEAM = H9A9L5MZZC;
				INFOPLIST_FILE = AccelerometerTests/Info.plist;
				IPHONEOS_DEPLOYMENT_TARGET = 13.2;
				LD_RUNPATH_SEARCH_PATHS = (
					"$(inherited)",
					"@executable_path/Frameworks",
					"@loader_path/Frameworks",
				);
				PRODUCT_BUNDLE_IDENTIFIER = com.konatsup.AccelerometerTests;
				PRODUCT_NAME = "$(TARGET_NAME)";
				SWIFT_VERSION = 5.0;
				TARGETED_DEVICE_FAMILY = "1,2";
				TEST_HOST = "$(BUILT_PRODUCTS_DIR)/Accelerometer.app/Accelerometer";
			};
			name = Release;
		};
		1811797123EF2DD500D1F01B /* Debug */ = {
			isa = XCBuildConfiguration;
			buildSettings = {
				ALWAYS_EMBED_SWIFT_STANDARD_LIBRARIES = YES;
				CODE_SIGN_STYLE = Automatic;
				DEVELOPMENT_TEAM = H9A9L5MZZC;
				INFOPLIST_FILE = AccelerometerUITests/Info.plist;
				LD_RUNPATH_SEARCH_PATHS = (
					"$(inherited)",
					"@executable_path/Frameworks",
					"@loader_path/Frameworks",
				);
				PRODUCT_BUNDLE_IDENTIFIER = com.konatsup.AccelerometerUITests;
				PRODUCT_NAME = "$(TARGET_NAME)";
				SWIFT_VERSION = 5.0;
				TARGETED_DEVICE_FAMILY = "1,2";
				TEST_TARGET_NAME = Accelerometer;
			};
			name = Debug;
		};
		1811797223EF2DD500D1F01B /* Release */ = {
			isa = XCBuildConfiguration;
			buildSettings = {
				ALWAYS_EMBED_SWIFT_STANDARD_LIBRARIES = YES;
				CODE_SIGN_STYLE = Automatic;
				DEVELOPMENT_TEAM = H9A9L5MZZC;
				INFOPLIST_FILE = AccelerometerUITests/Info.plist;
				LD_RUNPATH_SEARCH_PATHS = (
					"$(inherited)",
					"@executable_path/Frameworks",
					"@loader_path/Frameworks",
				);
				PRODUCT_BUNDLE_IDENTIFIER = com.konatsup.AccelerometerUITests;
				PRODUCT_NAME = "$(TARGET_NAME)";
				SWIFT_VERSION = 5.0;
				TARGETED_DEVICE_FAMILY = "1,2";
				TEST_TARGET_NAME = Accelerometer;
			};
			name = Release;
		};
/* End XCBuildConfiguration section */

/* Begin XCConfigurationList section */
		1811793B23EF2DD400D1F01B /* Build configuration list for PBXProject "Accelerometer" */ = {
			isa = XCConfigurationList;
			buildConfigurations = (
				1811796823EF2DD500D1F01B /* Debug */,
				1811796923EF2DD500D1F01B /* Release */,
			);
			defaultConfigurationIsVisible = 0;
			defaultConfigurationName = Release;
		};
		1811796A23EF2DD500D1F01B /* Build configuration list for PBXNativeTarget "Accelerometer" */ = {
			isa = XCConfigurationList;
			buildConfigurations = (
				1811796B23EF2DD500D1F01B /* Debug */,
				1811796C23EF2DD500D1F01B /* Release */,
			);
			defaultConfigurationIsVisible = 0;
			defaultConfigurationName = Release;
		};
		1811796D23EF2DD500D1F01B /* Build configuration list for PBXNativeTarget "AccelerometerTests" */ = {
			isa = XCConfigurationList;
			buildConfigurations = (
				1811796E23EF2DD500D1F01B /* Debug */,
				1811796F23EF2DD500D1F01B /* Release */,
			);
			defaultConfigurationIsVisible = 0;
			defaultConfigurationName = Release;
		};
		1811797023EF2DD500D1F01B /* Build configuration list for PBXNativeTarget "AccelerometerUITests" */ = {
			isa = XCConfigurationList;
			buildConfigurations = (
				1811797123EF2DD500D1F01B /* Debug */,
				1811797223EF2DD500D1F01B /* Release */,
			);
			defaultConfigurationIsVisible = 0;
			defaultConfigurationName = Release;
		};
/* End XCConfigurationList section */
	};
	rootObject = 1811793823EF2DD400D1F01B /* Project object */;
}
