// !$*UTF8*$!
{
	archiveVersion = 1;
	classes = {
	};
	objectVersion = 50;
	objects = {

/* Begin PBXBuildFile section */
		1816D4CB23E9391A00182D53 /* AppDelegate.swift in Sources */ = {isa = PBXBuildFile; fileRef = 1816D4CA23E9391A00182D53 /* AppDelegate.swift */; };
		1816D4CD23E9391A00182D53 /* SceneDelegate.swift in Sources */ = {isa = PBXBuildFile; fileRef = 1816D4CC23E9391A00182D53 /* SceneDelegate.swift */; };
		1816D4CF23E9391A00182D53 /* ViewController.swift in Sources */ = {isa = PBXBuildFile; fileRef = 1816D4CE23E9391A00182D53 /* ViewController.swift */; };
		1816D4D223E9391A00182D53 /* Main.storyboard in Resources */ = {isa = PBXBuildFile; fileRef = 1816D4D023E9391A00182D53 /* Main.storyboard */; };
		1816D4D423E9391B00182D53 /* Assets.xcassets in Resources */ = {isa = PBXBuildFile; fileRef = 1816D4D323E9391B00182D53 /* Assets.xcassets */; };
		1816D4D723E9391B00182D53 /* LaunchScreen.storyboard in Resources */ = {isa = PBXBuildFile; fileRef = 1816D4D523E9391B00182D53 /* LaunchScreen.storyboard */; };
		1816D4E223E9391B00182D53 /* StopWatchTests.swift in Sources */ = {isa = PBXBuildFile; fileRef = 1816D4E123E9391B00182D53 /* StopWatchTests.swift */; };
		1816D4ED23E9391B00182D53 /* StopWatchUITests.swift in Sources */ = {isa = PBXBuildFile; fileRef = 1816D4EC23E9391B00182D53 /* StopWatchUITests.swift */; };
/* End PBXBuildFile section */

/* Begin PBXContainerItemProxy section */
		1816D4DE23E9391B00182D53 /* PBXContainerItemProxy */ = {
			isa = PBXContainerItemProxy;
			containerPortal = 1816D4BF23E9391A00182D53 /* Project object */;
			proxyType = 1;
			remoteGlobalIDString = 1816D4C623E9391A00182D53;
			remoteInfo = StopWatch;
		};
		1816D4E923E9391B00182D53 /* PBXContainerItemProxy */ = {
			isa = PBXContainerItemProxy;
			containerPortal = 1816D4BF23E9391A00182D53 /* Project object */;
			proxyType = 1;
			remoteGlobalIDString = 1816D4C623E9391A00182D53;
			remoteInfo = StopWatch;
		};
/* End PBXContainerItemProxy section */

/* Begin PBXFileReference section */
		1816D4C723E9391A00182D53 /* StopWatch.app */ = {isa = PBXFileReference; explicitFileType = wrapper.application; includeInIndex = 0; path = StopWatch.app; sourceTree = BUILT_PRODUCTS_DIR; };
		1816D4CA23E9391A00182D53 /* AppDelegate.swift */ = {isa = PBXFileReference; lastKnownFileType = sourcecode.swift; path = AppDelegate.swift; sourceTree = "<group>"; };
		1816D4CC23E9391A00182D53 /* SceneDelegate.swift */ = {isa = PBXFileReference; lastKnownFileType = sourcecode.swift; path = SceneDelegate.swift; sourceTree = "<group>"; };
		1816D4CE23E9391A00182D53 /* ViewController.swift */ = {isa = PBXFileReference; lastKnownFileType = sourcecode.swift; path = ViewController.swift; sourceTree = "<group>"; };
		1816D4D123E9391A00182D53 /* Base */ = {isa = PBXFileReference; lastKnownFileType = file.storyboard; name = Base; path = Base.lproj/Main.storyboard; sourceTree = "<group>"; };
		1816D4D323E9391B00182D53 /* Assets.xcassets */ = {isa = PBXFileReference; lastKnownFileType = folder.assetcatalog; path = Assets.xcassets; sourceTree = "<group>"; };
		1816D4D623E9391B00182D53 /* Base */ = {isa = PBXFileReference; lastKnownFileType = file.storyboard; name = Base; path = Base.lproj/LaunchScreen.storyboard; sourceTree = "<group>"; };
		1816D4D823E9391B00182D53 /* Info.plist */ = {isa = PBXFileReference; lastKnownFileType = text.plist.xml; path = Info.plist; sourceTree = "<group>"; };
		1816D4DD23E9391B00182D53 /* StopWatchTests.xctest */ = {isa = PBXFileReference; explicitFileType = wrapper.cfbundle; includeInIndex = 0; path = StopWatchTests.xctest; sourceTree = BUILT_PRODUCTS_DIR; };
		1816D4E123E9391B00182D53 /* StopWatchTests.swift */ = {isa = PBXFileReference; lastKnownFileType = sourcecode.swift; path = StopWatchTests.swift; sourceTree = "<group>"; };
		1816D4E323E9391B00182D53 /* Info.plist */ = {isa = PBXFileReference; lastKnownFileType = text.plist.xml; path = Info.plist; sourceTree = "<group>"; };
		1816D4E823E9391B00182D53 /* StopWatchUITests.xctest */ = {isa = PBXFileReference; explicitFileType = wrapper.cfbundle; includeInIndex = 0; path = StopWatchUITests.xctest; sourceTree = BUILT_PRODUCTS_DIR; };
		1816D4EC23E9391B00182D53 /* StopWatchUITests.swift */ = {isa = PBXFileReference; lastKnownFileType = sourcecode.swift; path = StopWatchUITests.swift; sourceTree = "<group>"; };
		1816D4EE23E9391B00182D53 /* Info.plist */ = {isa = PBXFileReference; lastKnownFileType = text.plist.xml; path = Info.plist; sourceTree = "<group>"; };
/* End PBXFileReference section */

/* Begin PBXFrameworksBuildPhase section */
		1816D4C423E9391A00182D53 /* Frameworks */ = {
			isa = PBXFrameworksBuildPhase;
			buildActionMask = 2147483647;
			files = (
			);
			runOnlyForDeploymentPostprocessing = 0;
		};
		1816D4DA23E9391B00182D53 /* Frameworks */ = {
			isa = PBXFrameworksBuildPhase;
			buildActionMask = 2147483647;
			files = (
			);
			runOnlyForDeploymentPostprocessing = 0;
		};
		1816D4E523E9391B00182D53 /* Frameworks */ = {
			isa = PBXFrameworksBuildPhase;
			buildActionMask = 2147483647;
			files = (
			);
			runOnlyForDeploymentPostprocessing = 0;
		};
/* End PBXFrameworksBuildPhase section */

/* Begin PBXGroup section */
		1816D4BE23E9391A00182D53 = {
			isa = PBXGroup;
			children = (
				1816D4C923E9391A00182D53 /* StopWatch */,
				1816D4E023E9391B00182D53 /* StopWatchTests */,
				1816D4EB23E9391B00182D53 /* StopWatchUITests */,
				1816D4C823E9391A00182D53 /* Products */,
			);
			sourceTree = "<group>";
		};
		1816D4C823E9391A00182D53 /* Products */ = {
			isa = PBXGroup;
			children = (
				1816D4C723E9391A00182D53 /* StopWatch.app */,
				1816D4DD23E9391B00182D53 /* StopWatchTests.xctest */,
				1816D4E823E9391B00182D53 /* StopWatchUITests.xctest */,
			);
			name = Products;
			sourceTree = "<group>";
		};
		1816D4C923E9391A00182D53 /* StopWatch */ = {
			isa = PBXGroup;
			children = (
				1816D4CA23E9391A00182D53 /* AppDelegate.swift */,
				1816D4CC23E9391A00182D53 /* SceneDelegate.swift */,
				1816D4CE23E9391A00182D53 /* ViewController.swift */,
				1816D4D023E9391A00182D53 /* Main.storyboard */,
				1816D4D323E9391B00182D53 /* Assets.xcassets */,
				1816D4D523E9391B00182D53 /* LaunchScreen.storyboard */,
				1816D4D823E9391B00182D53 /* Info.plist */,
			);
			path = StopWatch;
			sourceTree = "<group>";
		};
		1816D4E023E9391B00182D53 /* StopWatchTests */ = {
			isa = PBXGroup;
			children = (
				1816D4E123E9391B00182D53 /* StopWatchTests.swift */,
				1816D4E323E9391B00182D53 /* Info.plist */,
			);
			path = StopWatchTests;
			sourceTree = "<group>";
		};
		1816D4EB23E9391B00182D53 /* StopWatchUITests */ = {
			isa = PBXGroup;
			children = (
				1816D4EC23E9391B00182D53 /* StopWatchUITests.swift */,
				1816D4EE23E9391B00182D53 /* Info.plist */,
			);
			path = StopWatchUITests;
			sourceTree = "<group>";
		};
/* End PBXGroup section */

/* Begin PBXNativeTarget section */
		1816D4C623E9391A00182D53 /* StopWatch */ = {
			isa = PBXNativeTarget;
			buildConfigurationList = 1816D4F123E9391B00182D53 /* Build configuration list for PBXNativeTarget "StopWatch" */;
			buildPhases = (
				1816D4C323E9391A00182D53 /* Sources */,
				1816D4C423E9391A00182D53 /* Frameworks */,
				1816D4C523E9391A00182D53 /* Resources */,
			);
			buildRules = (
			);
			dependencies = (
			);
			name = StopWatch;
			productName = StopWatch;
			productReference = 1816D4C723E9391A00182D53 /* StopWatch.app */;
			productType = "com.apple.product-type.application";
		};
		1816D4DC23E9391B00182D53 /* StopWatchTests */ = {
			isa = PBXNativeTarget;
			buildConfigurationList = 1816D4F423E9391B00182D53 /* Build configuration list for PBXNativeTarget "StopWatchTests" */;
			buildPhases = (
				1816D4D923E9391B00182D53 /* Sources */,
				1816D4DA23E9391B00182D53 /* Frameworks */,
				1816D4DB23E9391B00182D53 /* Resources */,
			);
			buildRules = (
			);
			dependencies = (
				1816D4DF23E9391B00182D53 /* PBXTargetDependency */,
			);
			name = StopWatchTests;
			productName = StopWatchTests;
			productReference = 1816D4DD23E9391B00182D53 /* StopWatchTests.xctest */;
			productType = "com.apple.product-type.bundle.unit-test";
		};
		1816D4E723E9391B00182D53 /* StopWatchUITests */ = {
			isa = PBXNativeTarget;
			buildConfigurationList = 1816D4F723E9391B00182D53 /* Build configuration list for PBXNativeTarget "StopWatchUITests" */;
			buildPhases = (
				1816D4E423E9391B00182D53 /* Sources */,
				1816D4E523E9391B00182D53 /* Frameworks */,
				1816D4E623E9391B00182D53 /* Resources */,
			);
			buildRules = (
			);
			dependencies = (
				1816D4EA23E9391B00182D53 /* PBXTargetDependency */,
			);
			name = StopWatchUITests;
			productName = StopWatchUITests;
			productReference = 1816D4E823E9391B00182D53 /* StopWatchUITests.xctest */;
			productType = "com.apple.product-type.bundle.ui-testing";
		};
/* End PBXNativeTarget section */

/* Begin PBXProject section */
		1816D4BF23E9391A00182D53 /* Project object */ = {
			isa = PBXProject;
			attributes = {
				LastSwiftUpdateCheck = 1130;
				LastUpgradeCheck = 1130;
				ORGANIZATIONNAME = konatsup;
				TargetAttributes = {
					1816D4C623E9391A00182D53 = {
						CreatedOnToolsVersion = 11.3.1;
					};
					1816D4DC23E9391B00182D53 = {
						CreatedOnToolsVersion = 11.3.1;
						TestTargetID = 1816D4C623E9391A00182D53;
					};
					1816D4E723E9391B00182D53 = {
						CreatedOnToolsVersion = 11.3.1;
						TestTargetID = 1816D4C623E9391A00182D53;
					};
				};
			};
			buildConfigurationList = 1816D4C223E9391A00182D53 /* Build configuration list for PBXProject "StopWatch" */;
			compatibilityVersion = "Xcode 9.3";
			developmentRegion = en;
			hasScannedForEncodings = 0;
			knownRegions = (
				en,
				Base,
			);
			mainGroup = 1816D4BE23E9391A00182D53;
			productRefGroup = 1816D4C823E9391A00182D53 /* Products */;
			projectDirPath = "";
			projectRoot = "";
			targets = (
				1816D4C623E9391A00182D53 /* StopWatch */,
				1816D4DC23E9391B00182D53 /* StopWatchTests */,
				1816D4E723E9391B00182D53 /* StopWatchUITests */,
			);
		};
/* End PBXProject section */

/* Begin PBXResourcesBuildPhase section */
		1816D4C523E9391A00182D53 /* Resources */ = {
			isa = PBXResourcesBuildPhase;
			buildActionMask = 2147483647;
			files = (
				1816D4D723E9391B00182D53 /* LaunchScreen.storyboard in Resources */,
				1816D4D423E9391B00182D53 /* Assets.xcassets in Resources */,
				1816D4D223E9391A00182D53 /* Main.storyboard in Resources */,
			);
			runOnlyForDeploymentPostprocessing = 0;
		};
		1816D4DB23E9391B00182D53 /* Resources */ = {
			isa = PBXResourcesBuildPhase;
			buildActionMask = 2147483647;
			files = (
			);
			runOnlyForDeploymentPostprocessing = 0;
		};
		1816D4E623E9391B00182D53 /* Resources */ = {
			isa = PBXResourcesBuildPhase;
			buildActionMask = 2147483647;
			files = (
			);
			runOnlyForDeploymentPostprocessing = 0;
		};
/* End PBXResourcesBuildPhase section */

/* Begin PBXSourcesBuildPhase section */
		1816D4C323E9391A00182D53 /* Sources */ = {
			isa = PBXSourcesBuildPhase;
			buildActionMask = 2147483647;
			files = (
				1816D4CF23E9391A00182D53 /* ViewController.swift in Sources */,
				1816D4CB23E9391A00182D53 /* AppDelegate.swift in Sources */,
				1816D4CD23E9391A00182D53 /* SceneDelegate.swift in Sources */,
			);
			runOnlyForDeploymentPostprocessing = 0;
		};
		1816D4D923E9391B00182D53 /* Sources */ = {
			isa = PBXSourcesBuildPhase;
			buildActionMask = 2147483647;
			files = (
				1816D4E223E9391B00182D53 /* StopWatchTests.swift in Sources */,
			);
			runOnlyForDeploymentPostprocessing = 0;
		};
		1816D4E423E9391B00182D53 /* Sources */ = {
			isa = PBXSourcesBuildPhase;
			buildActionMask = 2147483647;
			files = (
				1816D4ED23E9391B00182D53 /* StopWatchUITests.swift in Sources */,
			);
			runOnlyForDeploymentPostprocessing = 0;
		};
/* End PBXSourcesBuildPhase section */

/* Begin PBXTargetDependency section */
		1816D4DF23E9391B00182D53 /* PBXTargetDependency */ = {
			isa = PBXTargetDependency;
			target = 1816D4C623E9391A00182D53 /* StopWatch */;
			targetProxy = 1816D4DE23E9391B00182D53 /* PBXContainerItemProxy */;
		};
		1816D4EA23E9391B00182D53 /* PBXTargetDependency */ = {
			isa = PBXTargetDependency;
			target = 1816D4C623E9391A00182D53 /* StopWatch */;
			targetProxy = 1816D4E923E9391B00182D53 /* PBXContainerItemProxy */;
		};
/* End PBXTargetDependency section */

/* Begin PBXVariantGroup section */
		1816D4D023E9391A00182D53 /* Main.storyboard */ = {
			isa = PBXVariantGroup;
			children = (
				1816D4D123E9391A00182D53 /* Base */,
			);
			name = Main.storyboard;
			sourceTree = "<group>";
		};
		1816D4D523E9391B00182D53 /* LaunchScreen.storyboard */ = {
			isa = PBXVariantGroup;
			children = (
				1816D4D623E9391B00182D53 /* Base */,
			);
			name = LaunchScreen.storyboard;
			sourceTree = "<group>";
		};
/* End PBXVariantGroup section */

/* Begin XCBuildConfiguration section */
		1816D4EF23E9391B00182D53 /* Debug */ = {
			isa = XCBuildConfiguration;
			buildSettings = {
				ALWAYS_SEARCH_USER_PATHS = NO;
				CLANG_ANALYZER_NONNULL = YES;
				CLANG_ANALYZER_NUMBER_OBJECT_CONVERSION = YES_AGGRESSIVE;
				CLANG_CXX_LANGUAGE_STANDARD = "gnu++14";
				CLANG_CXX_LIBRARY = "libc++";
				CLANG_ENABLE_MODULES = YES;
				CLANG_ENABLE_OBJC_ARC = YES;
				CLANG_ENABLE_OBJC_WEAK = YES;
				CLANG_WARN_BLOCK_CAPTURE_AUTORELEASING = YES;
				CLANG_WARN_BOOL_CONVERSION = YES;
				CLANG_WARN_COMMA = YES;
				CLANG_WARN_CONSTANT_CONVERSION = YES;
				CLANG_WARN_DEPRECATED_OBJC_IMPLEMENTATIONS = YES;
				CLANG_WARN_DIRECT_OBJC_ISA_USAGE = YES_ERROR;
				CLANG_WARN_DOCUMENTATION_COMMENTS = YES;
				CLANG_WARN_EMPTY_BODY = YES;
				CLANG_WARN_ENUM_CONVERSION = YES;
				CLANG_WARN_INFINITE_RECURSION = YES;
				CLANG_WARN_INT_CONVERSION = YES;
				CLANG_WARN_NON_LITERAL_NULL_CONVERSION = YES;
				CLANG_WARN_OBJC_IMPLICIT_RETAIN_SELF = YES;
				CLANG_WARN_OBJC_LITERAL_CONVERSION = YES;
				CLANG_WARN_OBJC_ROOT_CLASS = YES_ERROR;
				CLANG_WARN_RANGE_LOOP_ANALYSIS = YES;
				CLANG_WARN_STRICT_PROTOTYPES = YES;
				CLANG_WARN_SUSPICIOUS_MOVE = YES;
				CLANG_WARN_UNGUARDED_AVAILABILITY = YES_AGGRESSIVE;
				CLANG_WARN_UNREACHABLE_CODE = YES;
				CLANG_WARN__DUPLICATE_METHOD_MATCH = YES;
				COPY_PHASE_STRIP = NO;
				DEBUG_INFORMATION_FORMAT = dwarf;
				ENABLE_STRICT_OBJC_MSGSEND = YES;
				ENABLE_TESTABILITY = YES;
				GCC_C_LANGUAGE_STANDARD = gnu11;
				GCC_DYNAMIC_NO_PIC = NO;
				GCC_NO_COMMON_BLOCKS = YES;
				GCC_OPTIMIZATION_LEVEL = 0;
				GCC_PREPROCESSOR_DEFINITIONS = (
					"DEBUG=1",
					"$(inherited)",
				);
				GCC_WARN_64_TO_32_BIT_CONVERSION = YES;
				GCC_WARN_ABOUT_RETURN_TYPE = YES_ERROR;
				GCC_WARN_UNDECLARED_SELECTOR = YES;
				GCC_WARN_UNINITIALIZED_AUTOS = YES_AGGRESSIVE;
				GCC_WARN_UNUSED_FUNCTION = YES;
				GCC_WARN_UNUSED_VARIABLE = YES;
				IPHONEOS_DEPLOYMENT_TARGET = 13.2;
				MTL_ENABLE_DEBUG_INFO = INCLUDE_SOURCE;
				MTL_FAST_MATH = YES;
				ONLY_ACTIVE_ARCH = YES;
				SDKROOT = iphoneos;
				SWIFT_ACTIVE_COMPILATION_CONDITIONS = DEBUG;
				SWIFT_OPTIMIZATION_LEVEL = "-Onone";
			};
			name = Debug;
		};
		1816D4F023E9391B00182D53 /* Release */ = {
			isa = XCBuildConfiguration;
			buildSettings = {
				ALWAYS_SEARCH_USER_PATHS = NO;
				CLANG_ANALYZER_NONNULL = YES;
				CLANG_ANALYZER_NUMBER_OBJECT_CONVERSION = YES_AGGRESSIVE;
				CLANG_CXX_LANGUAGE_STANDARD = "gnu++14";
				CLANG_CXX_LIBRARY = "libc++";
				CLANG_ENABLE_MODULES = YES;
				CLANG_ENABLE_OBJC_ARC = YES;
				CLANG_ENABLE_OBJC_WEAK = YES;
				CLANG_WARN_BLOCK_CAPTURE_AUTORELEASING = YES;
				CLANG_WARN_BOOL_CONVERSION = YES;
				CLANG_WARN_COMMA = YES;
				CLANG_WARN_CONSTANT_CONVERSION = YES;
				CLANG_WARN_DEPRECATED_OBJC_IMPLEMENTATIONS = YES;
				CLANG_WARN_DIRECT_OBJC_ISA_USAGE = YES_ERROR;
				CLANG_WARN_DOCUMENTATION_COMMENTS = YES;
				CLANG_WARN_EMPTY_BODY = YES;
				CLANG_WARN_ENUM_CONVERSION = YES;
				CLANG_WARN_INFINITE_RECURSION = YES;
				CLANG_WARN_INT_CONVERSION = YES;
				CLANG_WARN_NON_LITERAL_NULL_CONVERSION = YES;
				CLANG_WARN_OBJC_IMPLICIT_RETAIN_SELF = YES;
				CLANG_WARN_OBJC_LITERAL_CONVERSION = YES;
				CLANG_WARN_OBJC_ROOT_CLASS = YES_ERROR;
				CLANG_WARN_RANGE_LOOP_ANALYSIS = YES;
				CLANG_WARN_STRICT_PROTOTYPES = YES;
				CLANG_WARN_SUSPICIOUS_MOVE = YES;
				CLANG_WARN_UNGUARDED_AVAILABILITY = YES_AGGRESSIVE;
				CLANG_WARN_UNREACHABLE_CODE = YES;
				CLANG_WARN__DUPLICATE_METHOD_MATCH = YES;
				COPY_PHASE_STRIP = NO;
				DEBUG_INFORMATION_FORMAT = "dwarf-with-dsym";
				ENABLE_NS_ASSERTIONS = NO;
				ENABLE_STRICT_OBJC_MSGSEND = YES;
				GCC_C_LANGUAGE_STANDARD = gnu11;
				GCC_NO_COMMON_BLOCKS = YES;
				GCC_WARN_64_TO_32_BIT_CONVERSION = YES;
				GCC_WARN_ABOUT_RETURN_TYPE = YES_ERROR;
				GCC_WARN_UNDECLARED_SELECTOR = YES;
				GCC_WARN_UNINITIALIZED_AUTOS = YES_AGGRESSIVE;
				GCC_WARN_UNUSED_FUNCTION = YES;
				GCC_WARN_UNUSED_VARIABLE = YES;
				IPHONEOS_DEPLOYMENT_TARGET = 13.2;
				MTL_ENABLE_DEBUG_INFO = NO;
				MTL_FAST_MATH = YES;
				SDKROOT = iphoneos;
				SWIFT_COMPILATION_MODE = wholemodule;
				SWIFT_OPTIMIZATION_LEVEL = "-O";
				VALIDATE_PRODUCT = YES;
			};
			name = Release;
		};
		1816D4F223E9391B00182D53 /* Debug */ = {
			isa = XCBuildConfiguration;
			buildSettings = {
				ASSETCATALOG_COMPILER_APPICON_NAME = AppIcon;
				CODE_SIGN_STYLE = Automatic;
				DEVELOPMENT_TEAM = H9A9L5MZZC;
				INFOPLIST_FILE = StopWatch/Info.plist;
				LD_RUNPATH_SEARCH_PATHS = (
					"$(inherited)",
					"@executable_path/Frameworks",
				);
				PRODUCT_BUNDLE_IDENTIFIER = com.konatsup.StopWatch;
				PRODUCT_NAME = "$(TARGET_NAME)";
				SWIFT_VERSION = 5.0;
				TARGETED_DEVICE_FAMILY = "1,2";
			};
			name = Debug;
		};
		1816D4F323E9391B00182D53 /* Release */ = {
			isa = XCBuildConfiguration;
			buildSettings = {
				ASSETCATALOG_COMPILER_APPICON_NAME = AppIcon;
				CODE_SIGN_STYLE = Automatic;
				DEVELOPMENT_TEAM = H9A9L5MZZC;
				INFOPLIST_FILE = StopWatch/Info.plist;
				LD_RUNPATH_SEARCH_PATHS = (
					"$(inherited)",
					"@executable_path/Frameworks",
				);
				PRODUCT_BUNDLE_IDENTIFIER = com.konatsup.StopWatch;
				PRODUCT_NAME = "$(TARGET_NAME)";
				SWIFT_VERSION = 5.0;
				TARGETED_DEVICE_FAMILY = "1,2";
			};
			name = Release;
		};
		1816D4F523E9391B00182D53 /* Debug */ = {
			isa = XCBuildConfiguration;
			buildSettings = {
				ALWAYS_EMBED_SWIFT_STANDARD_LIBRARIES = YES;
				BUNDLE_LOADER = "$(TEST_HOST)";
				CODE_SIGN_STYLE = Automatic;
				DEVELOPMENT_TEAM = H9A9L5MZZC;
				INFOPLIST_FILE = StopWatchTests/Info.plist;
				IPHONEOS_DEPLOYMENT_TARGET = 13.2;
				LD_RUNPATH_SEARCH_PATHS = (
					"$(inherited)",
					"@executable_path/Frameworks",
					"@loader_path/Frameworks",
				);
				PRODUCT_BUNDLE_IDENTIFIER = com.konatsup.StopWatchTests;
				PRODUCT_NAME = "$(TARGET_NAME)";
				SWIFT_VERSION = 5.0;
				TARGETED_DEVICE_FAMILY = "1,2";
				TEST_HOST = "$(BUILT_PRODUCTS_DIR)/StopWatch.app/StopWatch";
			};
			name = Debug;
		};
		1816D4F623E9391B00182D53 /* Release */ = {
			isa = XCBuildConfiguration;
			buildSettings = {
				ALWAYS_EMBED_SWIFT_STANDARD_LIBRARIES = YES;
				BUNDLE_LOADER = "$(TEST_HOST)";
				CODE_SIGN_STYLE = Automatic;
				DEVELOPMENT_TEAM = H9A9L5MZZC;
				INFOPLIST_FILE = StopWatchTests/Info.plist;
				IPHONEOS_DEPLOYMENT_TARGET = 13.2;
				LD_RUNPATH_SEARCH_PATHS = (
					"$(inherited)",
					"@executable_path/Frameworks",
					"@loader_path/Frameworks",
				);
				PRODUCT_BUNDLE_IDENTIFIER = com.konatsup.StopWatchTests;
				PRODUCT_NAME = "$(TARGET_NAME)";
				SWIFT_VERSION = 5.0;
				TARGETED_DEVICE_FAMILY = "1,2";
				TEST_HOST = "$(BUILT_PRODUCTS_DIR)/StopWatch.app/StopWatch";
			};
			name = Release;
		};
		1816D4F823E9391B00182D53 /* Debug */ = {
			isa = XCBuildConfiguration;
			buildSettings = {
				ALWAYS_EMBED_SWIFT_STANDARD_LIBRARIES = YES;
				CODE_SIGN_STYLE = Automatic;
				DEVELOPMENT_TEAM = H9A9L5MZZC;
				INFOPLIST_FILE = StopWatchUITests/Info.plist;
				LD_RUNPATH_SEARCH_PATHS = (
					"$(inherited)",
					"@executable_path/Frameworks",
					"@loader_path/Frameworks",
				);
				PRODUCT_BUNDLE_IDENTIFIER = com.konatsup.StopWatchUITests;
				PRODUCT_NAME = "$(TARGET_NAME)";
				SWIFT_VERSION = 5.0;
				TARGETED_DEVICE_FAMILY = "1,2";
				TEST_TARGET_NAME = StopWatch;
			};
			name = Debug;
		};
		1816D4F923E9391B00182D53 /* Release */ = {
			isa = XCBuildConfiguration;
			buildSettings = {
				ALWAYS_EMBED_SWIFT_STANDARD_LIBRARIES = YES;
				CODE_SIGN_STYLE = Automatic;
				DEVELOPMENT_TEAM = H9A9L5MZZC;
				INFOPLIST_FILE = StopWatchUITests/Info.plist;
				LD_RUNPATH_SEARCH_PATHS = (
					"$(inherited)",
					"@executable_path/Frameworks",
					"@loader_path/Frameworks",
				);
				PRODUCT_BUNDLE_IDENTIFIER = com.konatsup.StopWatchUITests;
				PRODUCT_NAME = "$(TARGET_NAME)";
				SWIFT_VERSION = 5.0;
				TARGETED_DEVICE_FAMILY = "1,2";
				TEST_TARGET_NAME = StopWatch;
			};
			name = Release;
		};
/* End XCBuildConfiguration section */

/* Begin XCConfigurationList section */
		1816D4C223E9391A00182D53 /* Build configuration list for PBXProject "StopWatch" */ = {
			isa = XCConfigurationList;
			buildConfigurations = (
				1816D4EF23E9391B00182D53 /* Debug */,
				1816D4F023E9391B00182D53 /* Release */,
			);
			defaultConfigurationIsVisible = 0;
			defaultConfigurationName = Release;
		};
		1816D4F123E9391B00182D53 /* Build configuration list for PBXNativeTarget "StopWatch" */ = {
			isa = XCConfigurationList;
			buildConfigurations = (
				1816D4F223E9391B00182D53 /* Debug */,
				1816D4F323E9391B00182D53 /* Release */,
			);
			defaultConfigurationIsVisible = 0;
			defaultConfigurationName = Release;
		};
		1816D4F423E9391B00182D53 /* Build configuration list for PBXNativeTarget "StopWatchTests" */ = {
			isa = XCConfigurationList;
			buildConfigurations = (
				1816D4F523E9391B00182D53 /* Debug */,
				1816D4F623E9391B00182D53 /* Release */,
			);
			defaultConfigurationIsVisible = 0;
			defaultConfigurationName = Release;
		};
		1816D4F723E9391B00182D53 /* Build configuration list for PBXNativeTarget "StopWatchUITests" */ = {
			isa = XCConfigurationList;
			buildConfigurations = (
				1816D4F823E9391B00182D53 /* Debug */,
				1816D4F923E9391B00182D53 /* Release */,
			);
			defaultConfigurationIsVisible = 0;
			defaultConfigurationName = Release;
		};
/* End XCConfigurationList section */
	};
	rootObject = 1816D4BF23E9391A00182D53 /* Project object */;
}
