// !$*UTF8*$!
{
	archiveVersion = 1;
	classes = {
	};
	objectVersion = 50;
	objects = {

/* Begin PBXBuildFile section */
		1811783823EF02F600D1F01B /* AppDelegate.swift in Sources */ = {isa = PBXBuildFile; fileRef = 1811783723EF02F600D1F01B /* AppDelegate.swift */; };
		1811783A23EF02F600D1F01B /* SceneDelegate.swift in Sources */ = {isa = PBXBuildFile; fileRef = 1811783923EF02F600D1F01B /* SceneDelegate.swift */; };
		1811783C23EF02F600D1F01B /* ViewController.swift in Sources */ = {isa = PBXBuildFile; fileRef = 1811783B23EF02F600D1F01B /* ViewController.swift */; };
		1811783F23EF02F600D1F01B /* Main.storyboard in Resources */ = {isa = PBXBuildFile; fileRef = 1811783D23EF02F600D1F01B /* Main.storyboard */; };
		1811784123EF02F700D1F01B /* Assets.xcassets in Resources */ = {isa = PBXBuildFile; fileRef = 1811784023EF02F700D1F01B /* Assets.xcassets */; };
		1811784423EF02F700D1F01B /* LaunchScreen.storyboard in Resources */ = {isa = PBXBuildFile; fileRef = 1811784223EF02F700D1F01B /* LaunchScreen.storyboard */; };
		1811784F23EF02F700D1F01B /* MemoPadTests.swift in Sources */ = {isa = PBXBuildFile; fileRef = 1811784E23EF02F700D1F01B /* MemoPadTests.swift */; };
		1811785A23EF02F800D1F01B /* MemoPadUITests.swift in Sources */ = {isa = PBXBuildFile; fileRef = 1811785923EF02F800D1F01B /* MemoPadUITests.swift */; };
		1811786823EF034500D1F01B /* MemoViewController.swift in Sources */ = {isa = PBXBuildFile; fileRef = 1811786723EF034500D1F01B /* MemoViewController.swift */; };
/* End PBXBuildFile section */

/* Begin PBXContainerItemProxy section */
		1811784B23EF02F700D1F01B /* PBXContainerItemProxy */ = {
			isa = PBXContainerItemProxy;
			containerPortal = 1811782C23EF02F600D1F01B /* Project object */;
			proxyType = 1;
			remoteGlobalIDString = 1811783323EF02F600D1F01B;
			remoteInfo = MemoPad;
		};
		1811785623EF02F800D1F01B /* PBXContainerItemProxy */ = {
			isa = PBXContainerItemProxy;
			containerPortal = 1811782C23EF02F600D1F01B /* Project object */;
			proxyType = 1;
			remoteGlobalIDString = 1811783323EF02F600D1F01B;
			remoteInfo = MemoPad;
		};
/* End PBXContainerItemProxy section */

/* Begin PBXFileReference section */
		1811783423EF02F600D1F01B /* MemoPad.app */ = {isa = PBXFileReference; explicitFileType = wrapper.application; includeInIndex = 0; path = MemoPad.app; sourceTree = BUILT_PRODUCTS_DIR; };
		1811783723EF02F600D1F01B /* AppDelegate.swift */ = {isa = PBXFileReference; lastKnownFileType = sourcecode.swift; path = AppDelegate.swift; sourceTree = "<group>"; };
		1811783923EF02F600D1F01B /* SceneDelegate.swift */ = {isa = PBXFileReference; lastKnownFileType = sourcecode.swift; path = SceneDelegate.swift; sourceTree = "<group>"; };
		1811783B23EF02F600D1F01B /* ViewController.swift */ = {isa = PBXFileReference; lastKnownFileType = sourcecode.swift; path = ViewController.swift; sourceTree = "<group>"; };
		1811783E23EF02F600D1F01B /* Base */ = {isa = PBXFileReference; lastKnownFileType = file.storyboard; name = Base; path = Base.lproj/Main.storyboard; sourceTree = "<group>"; };
		1811784023EF02F700D1F01B /* Assets.xcassets */ = {isa = PBXFileReference; lastKnownFileType = folder.assetcatalog; path = Assets.xcassets; sourceTree = "<group>"; };
		1811784323EF02F700D1F01B /* Base */ = {isa = PBXFileReference; lastKnownFileType = file.storyboard; name = Base; path = Base.lproj/LaunchScreen.storyboard; sourceTree = "<group>"; };
		1811784523EF02F700D1F01B /* Info.plist */ = {isa = PBXFileReference; lastKnownFileType = text.plist.xml; path = Info.plist; sourceTree = "<group>"; };
		1811784A23EF02F700D1F01B /* MemoPadTests.xctest */ = {isa = PBXFileReference; explicitFileType = wrapper.cfbundle; includeInIndex = 0; path = MemoPadTests.xctest; sourceTree = BUILT_PRODUCTS_DIR; };
		1811784E23EF02F700D1F01B /* MemoPadTests.swift */ = {isa = PBXFileReference; lastKnownFileType = sourcecode.swift; path = MemoPadTests.swift; sourceTree = "<group>"; };
		1811785023EF02F700D1F01B /* Info.plist */ = {isa = PBXFileReference; lastKnownFileType = text.plist.xml; path = Info.plist; sourceTree = "<group>"; };
		1811785523EF02F800D1F01B /* MemoPadUITests.xctest */ = {isa = PBXFileReference; explicitFileType = wrapper.cfbundle; includeInIndex = 0; path = MemoPadUITests.xctest; sourceTree = BUILT_PRODUCTS_DIR; };
		1811785923EF02F800D1F01B /* MemoPadUITests.swift */ = {isa = PBXFileReference; lastKnownFileType = sourcecode.swift; path = MemoPadUITests.swift; sourceTree = "<group>"; };
		1811785B23EF02F800D1F01B /* Info.plist */ = {isa = PBXFileReference; lastKnownFileType = text.plist.xml; path = Info.plist; sourceTree = "<group>"; };
		1811786723EF034500D1F01B /* MemoViewController.swift */ = {isa = PBXFileReference; lastKnownFileType = sourcecode.swift; path = MemoViewController.swift; sourceTree = "<group>"; };
/* End PBXFileReference section */

/* Begin PBXFrameworksBuildPhase section */
		1811783123EF02F600D1F01B /* Frameworks */ = {
			isa = PBXFrameworksBuildPhase;
			buildActionMask = 2147483647;
			files = (
			);
			runOnlyForDeploymentPostprocessing = 0;
		};
		1811784723EF02F700D1F01B /* Frameworks */ = {
			isa = PBXFrameworksBuildPhase;
			buildActionMask = 2147483647;
			files = (
			);
			runOnlyForDeploymentPostprocessing = 0;
		};
		1811785223EF02F800D1F01B /* Frameworks */ = {
			isa = PBXFrameworksBuildPhase;
			buildActionMask = 2147483647;
			files = (
			);
			runOnlyForDeploymentPostprocessing = 0;
		};
/* End PBXFrameworksBuildPhase section */

/* Begin PBXGroup section */
		1811782B23EF02F600D1F01B = {
			isa = PBXGroup;
			children = (
				1811783623EF02F600D1F01B /* MemoPad */,
				1811784D23EF02F700D1F01B /* MemoPadTests */,
				1811785823EF02F800D1F01B /* MemoPadUITests */,
				1811783523EF02F600D1F01B /* Products */,
			);
			sourceTree = "<group>";
		};
		1811783523EF02F600D1F01B /* Products */ = {
			isa = PBXGroup;
			children = (
				1811783423EF02F600D1F01B /* MemoPad.app */,
				1811784A23EF02F700D1F01B /* MemoPadTests.xctest */,
				1811785523EF02F800D1F01B /* MemoPadUITests.xctest */,
			);
			name = Products;
			sourceTree = "<group>";
		};
		1811783623EF02F600D1F01B /* MemoPad */ = {
			isa = PBXGroup;
			children = (
				1811783723EF02F600D1F01B /* AppDelegate.swift */,
				1811783923EF02F600D1F01B /* SceneDelegate.swift */,
				1811783B23EF02F600D1F01B /* ViewController.swift */,
				1811783D23EF02F600D1F01B /* Main.storyboard */,
				1811784023EF02F700D1F01B /* Assets.xcassets */,
				1811784223EF02F700D1F01B /* LaunchScreen.storyboard */,
				1811784523EF02F700D1F01B /* Info.plist */,
				1811786723EF034500D1F01B /* MemoViewController.swift */,
			);
			path = MemoPad;
			sourceTree = "<group>";
		};
		1811784D23EF02F700D1F01B /* MemoPadTests */ = {
			isa = PBXGroup;
			children = (
				1811784E23EF02F700D1F01B /* MemoPadTests.swift */,
				1811785023EF02F700D1F01B /* Info.plist */,
			);
			path = MemoPadTests;
			sourceTree = "<group>";
		};
		1811785823EF02F800D1F01B /* MemoPadUITests */ = {
			isa = PBXGroup;
			children = (
				1811785923EF02F800D1F01B /* MemoPadUITests.swift */,
				1811785B23EF02F800D1F01B /* Info.plist */,
			);
			path = MemoPadUITests;
			sourceTree = "<group>";
		};
/* End PBXGroup section */

/* Begin PBXNativeTarget section */
		1811783323EF02F600D1F01B /* MemoPad */ = {
			isa = PBXNativeTarget;
			buildConfigurationList = 1811785E23EF02F800D1F01B /* Build configuration list for PBXNativeTarget "MemoPad" */;
			buildPhases = (
				1811783023EF02F600D1F01B /* Sources */,
				1811783123EF02F600D1F01B /* Frameworks */,
				1811783223EF02F600D1F01B /* Resources */,
			);
			buildRules = (
			);
			dependencies = (
			);
			name = MemoPad;
			productName = MemoPad;
			productReference = 1811783423EF02F600D1F01B /* MemoPad.app */;
			productType = "com.apple.product-type.application";
		};
		1811784923EF02F700D1F01B /* MemoPadTests */ = {
			isa = PBXNativeTarget;
			buildConfigurationList = 1811786123EF02F800D1F01B /* Build configuration list for PBXNativeTarget "MemoPadTests" */;
			buildPhases = (
				1811784623EF02F700D1F01B /* Sources */,
				1811784723EF02F700D1F01B /* Frameworks */,
				1811784823EF02F700D1F01B /* Resources */,
			);
			buildRules = (
			);
			dependencies = (
				1811784C23EF02F700D1F01B /* PBXTargetDependency */,
			);
			name = MemoPadTests;
			productName = MemoPadTests;
			productReference = 1811784A23EF02F700D1F01B /* MemoPadTests.xctest */;
			productType = "com.apple.product-type.bundle.unit-test";
		};
		1811785423EF02F800D1F01B /* MemoPadUITests */ = {
			isa = PBXNativeTarget;
			buildConfigurationList = 1811786423EF02F800D1F01B /* Build configuration list for PBXNativeTarget "MemoPadUITests" */;
			buildPhases = (
				1811785123EF02F800D1F01B /* Sources */,
				1811785223EF02F800D1F01B /* Frameworks */,
				1811785323EF02F800D1F01B /* Resources */,
			);
			buildRules = (
			);
			dependencies = (
				1811785723EF02F800D1F01B /* PBXTargetDependency */,
			);
			name = MemoPadUITests;
			productName = MemoPadUITests;
			productReference = 1811785523EF02F800D1F01B /* MemoPadUITests.xctest */;
			productType = "com.apple.product-type.bundle.ui-testing";
		};
/* End PBXNativeTarget section */

/* Begin PBXProject section */
		1811782C23EF02F600D1F01B /* Project object */ = {
			isa = PBXProject;
			attributes = {
				LastSwiftUpdateCheck = 1130;
				LastUpgradeCheck = 1130;
				ORGANIZATIONNAME = konatsup;
				TargetAttributes = {
					1811783323EF02F600D1F01B = {
						CreatedOnToolsVersion = 11.3.1;
					};
					1811784923EF02F700D1F01B = {
						CreatedOnToolsVersion = 11.3.1;
						TestTargetID = 1811783323EF02F600D1F01B;
					};
					1811785423EF02F800D1F01B = {
						CreatedOnToolsVersion = 11.3.1;
						TestTargetID = 1811783323EF02F600D1F01B;
					};
				};
			};
			buildConfigurationList = 1811782F23EF02F600D1F01B /* Build configuration list for PBXProject "MemoPad" */;
			compatibilityVersion = "Xcode 9.3";
			developmentRegion = en;
			hasScannedForEncodings = 0;
			knownRegions = (
				en,
				Base,
			);
			mainGroup = 1811782B23EF02F600D1F01B;
			productRefGroup = 1811783523EF02F600D1F01B /* Products */;
			projectDirPath = "";
			projectRoot = "";
			targets = (
				1811783323EF02F600D1F01B /* MemoPad */,
				1811784923EF02F700D1F01B /* MemoPadTests */,
				1811785423EF02F800D1F01B /* MemoPadUITests */,
			);
		};
/* End PBXProject section */

/* Begin PBXResourcesBuildPhase section */
		1811783223EF02F600D1F01B /* Resources */ = {
			isa = PBXResourcesBuildPhase;
			buildActionMask = 2147483647;
			files = (
				1811784423EF02F700D1F01B /* LaunchScreen.storyboard in Resources */,
				1811784123EF02F700D1F01B /* Assets.xcassets in Resources */,
				1811783F23EF02F600D1F01B /* Main.storyboard in Resources */,
			);
			runOnlyForDeploymentPostprocessing = 0;
		};
		1811784823EF02F700D1F01B /* Resources */ = {
			isa = PBXResourcesBuildPhase;
			buildActionMask = 2147483647;
			files = (
			);
			runOnlyForDeploymentPostprocessing = 0;
		};
		1811785323EF02F800D1F01B /* Resources */ = {
			isa = PBXResourcesBuildPhase;
			buildActionMask = 2147483647;
			files = (
			);
			runOnlyForDeploymentPostprocessing = 0;
		};
/* End PBXResourcesBuildPhase section */

/* Begin PBXSourcesBuildPhase section */
		1811783023EF02F600D1F01B /* Sources */ = {
			isa = PBXSourcesBuildPhase;
			buildActionMask = 2147483647;
			files = (
				1811786823EF034500D1F01B /* MemoViewController.swift in Sources */,
				1811783C23EF02F600D1F01B /* ViewController.swift in Sources */,
				1811783823EF02F600D1F01B /* AppDelegate.swift in Sources */,
				1811783A23EF02F600D1F01B /* SceneDelegate.swift in Sources */,
			);
			runOnlyForDeploymentPostprocessing = 0;
		};
		1811784623EF02F700D1F01B /* Sources */ = {
			isa = PBXSourcesBuildPhase;
			buildActionMask = 2147483647;
			files = (
				1811784F23EF02F700D1F01B /* MemoPadTests.swift in Sources */,
			);
			runOnlyForDeploymentPostprocessing = 0;
		};
		1811785123EF02F800D1F01B /* Sources */ = {
			isa = PBXSourcesBuildPhase;
			buildActionMask = 2147483647;
			files = (
				1811785A23EF02F800D1F01B /* MemoPadUITests.swift in Sources */,
			);
			runOnlyForDeploymentPostprocessing = 0;
		};
/* End PBXSourcesBuildPhase section */

/* Begin PBXTargetDependency section */
		1811784C23EF02F700D1F01B /* PBXTargetDependency */ = {
			isa = PBXTargetDependency;
			target = 1811783323EF02F600D1F01B /* MemoPad */;
			targetProxy = 1811784B23EF02F700D1F01B /* PBXContainerItemProxy */;
		};
		1811785723EF02F800D1F01B /* PBXTargetDependency */ = {
			isa = PBXTargetDependency;
			target = 1811783323EF02F600D1F01B /* MemoPad */;
			targetProxy = 1811785623EF02F800D1F01B /* PBXContainerItemProxy */;
		};
/* End PBXTargetDependency section */

/* Begin PBXVariantGroup section */
		1811783D23EF02F600D1F01B /* Main.storyboard */ = {
			isa = PBXVariantGroup;
			children = (
				1811783E23EF02F600D1F01B /* Base */,
			);
			name = Main.storyboard;
			sourceTree = "<group>";
		};
		1811784223EF02F700D1F01B /* LaunchScreen.storyboard */ = {
			isa = PBXVariantGroup;
			children = (
				1811784323EF02F700D1F01B /* Base */,
			);
			name = LaunchScreen.storyboard;
			sourceTree = "<group>";
		};
/* End PBXVariantGroup section */

/* Begin XCBuildConfiguration section */
		1811785C23EF02F800D1F01B /* Debug */ = {
			isa = XCBuildConfiguration;
			buildSettings = {
				ALWAYS_SEARCH_USER_PATHS = NO;
				CLANG_ANALYZER_NONNULL = YES;
				CLANG_ANALYZER_NUMBER_OBJECT_CONVERSION = YES_AGGRESSIVE;
				CLANG_CXX_LANGUAGE_STANDARD = "gnu++14";
				CLANG_CXX_LIBRARY = "libc++";
				CLANG_ENABLE_MODULES = YES;
				CLANG_ENABLE_OBJC_ARC = YES;
				CLANG_ENABLE_OBJC_WEAK = YES;
				CLANG_WARN_BLOCK_CAPTURE_AUTORELEASING = YES;
				CLANG_WARN_BOOL_CONVERSION = YES;
				CLANG_WARN_COMMA = YES;
				CLANG_WARN_CONSTANT_CONVERSION = YES;
				CLANG_WARN_DEPRECATED_OBJC_IMPLEMENTATIONS = YES;
				CLANG_WARN_DIRECT_OBJC_ISA_USAGE = YES_ERROR;
				CLANG_WARN_DOCUMENTATION_COMMENTS = YES;
				CLANG_WARN_EMPTY_BODY = YES;
				CLANG_WARN_ENUM_CONVERSION = YES;
				CLANG_WARN_INFINITE_RECURSION = YES;
				CLANG_WARN_INT_CONVERSION = YES;
				CLANG_WARN_NON_LITERAL_NULL_CONVERSION = YES;
				CLANG_WARN_OBJC_IMPLICIT_RETAIN_SELF = YES;
				CLANG_WARN_OBJC_LITERAL_CONVERSION = YES;
				CLANG_WARN_OBJC_ROOT_CLASS = YES_ERROR;
				CLANG_WARN_RANGE_LOOP_ANALYSIS = YES;
				CLANG_WARN_STRICT_PROTOTYPES = YES;
				CLANG_WARN_SUSPICIOUS_MOVE = YES;
				CLANG_WARN_UNGUARDED_AVAILABILITY = YES_AGGRESSIVE;
				CLANG_WARN_UNREACHABLE_CODE = YES;
				CLANG_WARN__DUPLICATE_METHOD_MATCH = YES;
				COPY_PHASE_STRIP = NO;
				DEBUG_INFORMATION_FORMAT = dwarf;
				ENABLE_STRICT_OBJC_MSGSEND = YES;
				ENABLE_TESTABILITY = YES;
				GCC_C_LANGUAGE_STANDARD = gnu11;
				GCC_DYNAMIC_NO_PIC = NO;
				GCC_NO_COMMON_BLOCKS = YES;
				GCC_OPTIMIZATION_LEVEL = 0;
				GCC_PREPROCESSOR_DEFINITIONS = (
					"DEBUG=1",
					"$(inherited)",
				);
				GCC_WARN_64_TO_32_BIT_CONVERSION = YES;
				GCC_WARN_ABOUT_RETURN_TYPE = YES_ERROR;
				GCC_WARN_UNDECLARED_SELECTOR = YES;
				GCC_WARN_UNINITIALIZED_AUTOS = YES_AGGRESSIVE;
				GCC_WARN_UNUSED_FUNCTION = YES;
				GCC_WARN_UNUSED_VARIABLE = YES;
				IPHONEOS_DEPLOYMENT_TARGET = 13.2;
				MTL_ENABLE_DEBUG_INFO = INCLUDE_SOURCE;
				MTL_FAST_MATH = YES;
				ONLY_ACTIVE_ARCH = YES;
				SDKROOT = iphoneos;
				SWIFT_ACTIVE_COMPILATION_CONDITIONS = DEBUG;
				SWIFT_OPTIMIZATION_LEVEL = "-Onone";
			};
			name = Debug;
		};
		1811785D23EF02F800D1F01B /* Release */ = {
			isa = XCBuildConfiguration;
			buildSettings = {
				ALWAYS_SEARCH_USER_PATHS = NO;
				CLANG_ANALYZER_NONNULL = YES;
				CLANG_ANALYZER_NUMBER_OBJECT_CONVERSION = YES_AGGRESSIVE;
				CLANG_CXX_LANGUAGE_STANDARD = "gnu++14";
				CLANG_CXX_LIBRARY = "libc++";
				CLANG_ENABLE_MODULES = YES;
				CLANG_ENABLE_OBJC_ARC = YES;
				CLANG_ENABLE_OBJC_WEAK = YES;
				CLANG_WARN_BLOCK_CAPTURE_AUTORELEASING = YES;
				CLANG_WARN_BOOL_CONVERSION = YES;
				CLANG_WARN_COMMA = YES;
				CLANG_WARN_CONSTANT_CONVERSION = YES;
				CLANG_WARN_DEPRECATED_OBJC_IMPLEMENTATIONS = YES;
				CLANG_WARN_DIRECT_OBJC_ISA_USAGE = YES_ERROR;
				CLANG_WARN_DOCUMENTATION_COMMENTS = YES;
				CLANG_WARN_EMPTY_BODY = YES;
				CLANG_WARN_ENUM_CONVERSION = YES;
				CLANG_WARN_INFINITE_RECURSION = YES;
				CLANG_WARN_INT_CONVERSION = YES;
				CLANG_WARN_NON_LITERAL_NULL_CONVERSION = YES;
				CLANG_WARN_OBJC_IMPLICIT_RETAIN_SELF = YES;
				CLANG_WARN_OBJC_LITERAL_CONVERSION = YES;
				CLANG_WARN_OBJC_ROOT_CLASS = YES_ERROR;
				CLANG_WARN_RANGE_LOOP_ANALYSIS = YES;
				CLANG_WARN_STRICT_PROTOTYPES = YES;
				CLANG_WARN_SUSPICIOUS_MOVE = YES;
				CLANG_WARN_UNGUARDED_AVAILABILITY = YES_AGGRESSIVE;
				CLANG_WARN_UNREACHABLE_CODE = YES;
				CLANG_WARN__DUPLICATE_METHOD_MATCH = YES;
				COPY_PHASE_STRIP = NO;
				DEBUG_INFORMATION_FORMAT = "dwarf-with-dsym";
				ENABLE_NS_ASSERTIONS = NO;
				ENABLE_STRICT_OBJC_MSGSEND = YES;
				GCC_C_LANGUAGE_STANDARD = gnu11;
				GCC_NO_COMMON_BLOCKS = YES;
				GCC_WARN_64_TO_32_BIT_CONVERSION = YES;
				GCC_WARN_ABOUT_RETURN_TYPE = YES_ERROR;
				GCC_WARN_UNDECLARED_SELECTOR = YES;
				GCC_WARN_UNINITIALIZED_AUTOS = YES_AGGRESSIVE;
				GCC_WARN_UNUSED_FUNCTION = YES;
				GCC_WARN_UNUSED_VARIABLE = YES;
				IPHONEOS_DEPLOYMENT_TARGET = 13.2;
				MTL_ENABLE_DEBUG_INFO = NO;
				MTL_FAST_MATH = YES;
				SDKROOT = iphoneos;
				SWIFT_COMPILATION_MODE = wholemodule;
				SWIFT_OPTIMIZATION_LEVEL = "-O";
				VALIDATE_PRODUCT = YES;
			};
			name = Release;
		};
		1811785F23EF02F800D1F01B /* Debug */ = {
			isa = XCBuildConfiguration;
			buildSettings = {
				ASSETCATALOG_COMPILER_APPICON_NAME = AppIcon;
				CODE_SIGN_STYLE = Automatic;
				DEVELOPMENT_TEAM = H9A9L5MZZC;
				INFOPLIST_FILE = MemoPad/Info.plist;
				LD_RUNPATH_SEARCH_PATHS = (
					"$(inherited)",
					"@executable_path/Frameworks",
				);
				PRODUCT_BUNDLE_IDENTIFIER = com.konatsup.MemoPad;
				PRODUCT_NAME = "$(TARGET_NAME)";
				SWIFT_VERSION = 5.0;
				TARGETED_DEVICE_FAMILY = "1,2";
			};
			name = Debug;
		};
		1811786023EF02F800D1F01B /* Release */ = {
			isa = XCBuildConfiguration;
			buildSettings = {
				ASSETCATALOG_COMPILER_APPICON_NAME = AppIcon;
				CODE_SIGN_STYLE = Automatic;
				DEVELOPMENT_TEAM = H9A9L5MZZC;
				INFOPLIST_FILE = MemoPad/Info.plist;
				LD_RUNPATH_SEARCH_PATHS = (
					"$(inherited)",
					"@executable_path/Frameworks",
				);
				PRODUCT_BUNDLE_IDENTIFIER = com.konatsup.MemoPad;
				PRODUCT_NAME = "$(TARGET_NAME)";
				SWIFT_VERSION = 5.0;
				TARGETED_DEVICE_FAMILY = "1,2";
			};
			name = Release;
		};
		1811786223EF02F800D1F01B /* Debug */ = {
			isa = XCBuildConfiguration;
			buildSettings = {
				ALWAYS_EMBED_SWIFT_STANDARD_LIBRARIES = YES;
				BUNDLE_LOADER = "$(TEST_HOST)";
				CODE_SIGN_STYLE = Automatic;
				DEVELOPMENT_TEAM = H9A9L5MZZC;
				INFOPLIST_FILE = MemoPadTests/Info.plist;
				IPHONEOS_DEPLOYMENT_TARGET = 13.2;
				LD_RUNPATH_SEARCH_PATHS = (
					"$(inherited)",
					"@executable_path/Frameworks",
					"@loader_path/Frameworks",
				);
				PRODUCT_BUNDLE_IDENTIFIER = com.konatsup.MemoPadTests;
				PRODUCT_NAME = "$(TARGET_NAME)";
				SWIFT_VERSION = 5.0;
				TARGETED_DEVICE_FAMILY = "1,2";
				TEST_HOST = "$(BUILT_PRODUCTS_DIR)/MemoPad.app/MemoPad";
			};
			name = Debug;
		};
		1811786323EF02F800D1F01B /* Release */ = {
			isa = XCBuildConfiguration;
			buildSettings = {
				ALWAYS_EMBED_SWIFT_STANDARD_LIBRARIES = YES;
				BUNDLE_LOADER = "$(TEST_HOST)";
				CODE_SIGN_STYLE = Automatic;
				DEVELOPMENT_TEAM = H9A9L5MZZC;
				INFOPLIST_FILE = MemoPadTests/Info.plist;
				IPHONEOS_DEPLOYMENT_TARGET = 13.2;
				LD_RUNPATH_SEARCH_PATHS = (
					"$(inherited)",
					"@executable_path/Frameworks",
					"@loader_path/Frameworks",
				);
				PRODUCT_BUNDLE_IDENTIFIER = com.konatsup.MemoPadTests;
				PRODUCT_NAME = "$(TARGET_NAME)";
				SWIFT_VERSION = 5.0;
				TARGETED_DEVICE_FAMILY = "1,2";
				TEST_HOST = "$(BUILT_PRODUCTS_DIR)/MemoPad.app/MemoPad";
			};
			name = Release;
		};
		1811786523EF02F800D1F01B /* Debug */ = {
			isa = XCBuildConfiguration;
			buildSettings = {
				ALWAYS_EMBED_SWIFT_STANDARD_LIBRARIES = YES;
				CODE_SIGN_STYLE = Automatic;
				DEVELOPMENT_TEAM = H9A9L5MZZC;
				INFOPLIST_FILE = MemoPadUITests/Info.plist;
				LD_RUNPATH_SEARCH_PATHS = (
					"$(inherited)",
					"@executable_path/Frameworks",
					"@loader_path/Frameworks",
				);
				PRODUCT_BUNDLE_IDENTIFIER = com.konatsup.MemoPadUITests;
				PRODUCT_NAME = "$(TARGET_NAME)";
				SWIFT_VERSION = 5.0;
				TARGETED_DEVICE_FAMILY = "1,2";
				TEST_TARGET_NAME = MemoPad;
			};
			name = Debug;
		};
		1811786623EF02F800D1F01B /* Release */ = {
			isa = XCBuildConfiguration;
			buildSettings = {
				ALWAYS_EMBED_SWIFT_STANDARD_LIBRARIES = YES;
				CODE_SIGN_STYLE = Automatic;
				DEVELOPMENT_TEAM = H9A9L5MZZC;
				INFOPLIST_FILE = MemoPadUITests/Info.plist;
				LD_RUNPATH_SEARCH_PATHS = (
					"$(inherited)",
					"@executable_path/Frameworks",
					"@loader_path/Frameworks",
				);
				PRODUCT_BUNDLE_IDENTIFIER = com.konatsup.MemoPadUITests;
				PRODUCT_NAME = "$(TARGET_NAME)";
				SWIFT_VERSION = 5.0;
				TARGETED_DEVICE_FAMILY = "1,2";
				TEST_TARGET_NAME = MemoPad;
			};
			name = Release;
		};
/* End XCBuildConfiguration section */

/* Begin XCConfigurationList section */
		1811782F23EF02F600D1F01B /* Build configuration list for PBXProject "MemoPad" */ = {
			isa = XCConfigurationList;
			buildConfigurations = (
				1811785C23EF02F800D1F01B /* Debug */,
				1811785D23EF02F800D1F01B /* Release */,
			);
			defaultConfigurationIsVisible = 0;
			defaultConfigurationName = Release;
		};
		1811785E23EF02F800D1F01B /* Build configuration list for PBXNativeTarget "MemoPad" */ = {
			isa = XCConfigurationList;
			buildConfigurations = (
				1811785F23EF02F800D1F01B /* Debug */,
				1811786023EF02F800D1F01B /* Release */,
			);
			defaultConfigurationIsVisible = 0;
			defaultConfigurationName = Release;
		};
		1811786123EF02F800D1F01B /* Build configuration list for PBXNativeTarget "MemoPadTests" */ = {
			isa = XCConfigurationList;
			buildConfigurations = (
				1811786223EF02F800D1F01B /* Debug */,
				1811786323EF02F800D1F01B /* Release */,
			);
			defaultConfigurationIsVisible = 0;
			defaultConfigurationName = Release;
		};
		1811786423EF02F800D1F01B /* Build configuration list for PBXNativeTarget "MemoPadUITests" */ = {
			isa = XCConfigurationList;
			buildConfigurations = (
				1811786523EF02F800D1F01B /* Debug */,
				1811786623EF02F800D1F01B /* Release */,
			);
			defaultConfigurationIsVisible = 0;
			defaultConfigurationName = Release;
		};
/* End XCConfigurationList section */
	};
	rootObject = 1811782C23EF02F600D1F01B /* Project object */;
}
